
Microsoft Visual Studio Solution File, Format Version 12.00
# Visual Studio Version 16
VisualStudioVersion = 16.0.29123.88
MinimumVisualStudioVersion = 10.0.40219.1
Project("{FAE04EC0-301F-11D3-BF4B-00C04F79EFBC}") = "Patrick's Loan Calculator", "Patrick's Loan Calculator.csproj", "{28A3E801-FF6B-4DB3-B57A-D111FD903989}"
EndProject
Project("{54435603-DBB4-11D2-8724-00A0C9A8B90C}") = "Setup1", "..\Setup1\Setup1.vdproj", "{0A4B8876-B7E2-4E49-8713-D3EE7D1C497B}"
EndProject
Global
	GlobalSection(SolutionConfigurationPlatforms) = preSolution
		Debug|Any CPU = Debug|Any CPU
		Release|Any CPU = Release|Any CPU
	EndGlobalSection
	GlobalSection(ProjectConfigurationPlatforms) = postSolution
		{28A3E801-FF6B-4DB3-B57A-D111FD903989}.Debug|Any CPU.ActiveCfg = Debug|Any CPU
		{28A3E801-FF6B-4DB3-B57A-D111FD903989}.Debug|Any CPU.Build.0 = Debug|Any CPU
		{28A3E801-FF6B-4DB3-B57A-D111FD903989}.Release|Any CPU.ActiveCfg = Release|Any CPU
		{28A3E801-FF6B-4DB3-B57A-D111FD903989}.Release|Any CPU.Build.0 = Release|Any CPU
		{0A4B8876-B7E2-4E49-8713-D3EE7D1C497B}.Debug|Any CPU.ActiveCfg = Debug
		{0A4B8876-B7E2-4E49-8713-D3EE7D1C497B}.Release|Any CPU.ActiveCfg = Release
	EndGlobalSection
	GlobalSection(SolutionProperties) = preSolution
		HideSolutionNode = FALSE
	EndGlobalSection
	GlobalSection(ExtensibilityGlobals) = postSolution
		SolutionGuid = {399CF652-1ED4-41F5-A24E-58C72D1A98F6}
	EndGlobalSection
EndGlobal
